
Microsoft Visual Studio Solution File, Format Version 12.00
# Visual Studio Version 17
VisualStudioVersion = 17.10.35013.160
MinimumVisualStudioVersion = 10.0.40219.1
Project("{FAE04EC0-301F-11D3-BF4B-00C04F79EFBC}") = "LINQ2", "LINQ2\LINQ2.csproj", "{5B62968A-33A4-4CD8-AF8B-E682FE5B2514}"
EndProject
Project("{FAE04EC0-301F-11D3-BF4B-00C04F79EFBC}") = "Assignment", "Assignment\Assignment.csproj", "{15F40DC8-2219-481B-B792-63DB0E99E3A7}"
EndProject
Global
	GlobalSection(SolutionConfigurationPlatforms) = preSolution
		Debug|Any CPU = Debug|Any CPU
		Release|Any CPU = Release|Any CPU
	EndGlobalSection
	GlobalSection(ProjectConfigurationPlatforms) = postSolution
		{5B62968A-33A4-4CD8-AF8B-E682FE5B2514}.Debug|Any CPU.ActiveCfg = Debug|Any CPU
		{5B62968A-33A4-4CD8-AF8B-E682FE5B2514}.Debug|Any CPU.Build.0 = Debug|Any CPU
		{5B62968A-33A4-4CD8-AF8B-E682FE5B2514}.Release|Any CPU.ActiveCfg = Release|Any CPU
		{5B62968A-33A4-4CD8-AF8B-E682FE5B2514}.Release|Any CPU.Build.0 = Release|Any CPU
		{15F40DC8-2219-481B-B792-63DB0E99E3A7}.Debug|Any CPU.ActiveCfg = Debug|Any CPU
		{15F40DC8-2219-481B-B792-63DB0E99E3A7}.Debug|Any CPU.Build.0 = Debug|Any CPU
		{15F40DC8-2219-481B-B792-63DB0E99E3A7}.Release|Any CPU.ActiveCfg = Release|Any CPU
		{15F40DC8-2219-481B-B792-63DB0E99E3A7}.Release|Any CPU.Build.0 = Release|Any CPU
	EndGlobalSection
	GlobalSection(SolutionProperties) = preSolution
		HideSolutionNode = FALSE
	EndGlobalSection
	GlobalSection(ExtensibilityGlobals) = postSolution
		SolutionGuid = {0C35CF3A-9FBA-4E6D-B065-696B84C5DDC6}
	EndGlobalSection
EndGlobal
